
Microsoft Visual Studio Solution File, Format Version 12.00
# Visual Studio Version 17
VisualStudioVersion = 17.14.36429.23 d17.14
MinimumVisualStudioVersion = 10.0.40219.1
Project("{FAE04EC0-301F-11D3-BF4B-00C04F79EFBC}") = "pruebaNavegacion", "pruebaNavegacion\pruebaNavegacion.csproj", "{A8E61391-8E76-4468-9452-57290842F94A}"
EndProject
Global
	GlobalSection(SolutionConfigurationPlatforms) = preSolution
		Debug|Any CPU = Debug|Any CPU
		Release|Any CPU = Release|Any CPU
	EndGlobalSection
	GlobalSection(ProjectConfigurationPlatforms) = postSolution
		{A8E61391-8E76-4468-9452-57290842F94A}.Debug|Any CPU.ActiveCfg = Debug|Any CPU
		{A8E61391-8E76-4468-9452-57290842F94A}.Debug|Any CPU.Build.0 = Debug|Any CPU
		{A8E61391-8E76-4468-9452-57290842F94A}.Release|Any CPU.ActiveCfg = Release|Any CPU
		{A8E61391-8E76-4468-9452-57290842F94A}.Release|Any CPU.Build.0 = Release|Any CPU
	EndGlobalSection
	GlobalSection(SolutionProperties) = preSolution
		HideSolutionNode = FALSE
	EndGlobalSection
	GlobalSection(ExtensibilityGlobals) = postSolution
		SolutionGuid = {6CB8B4D9-659E-4D09-8B0F-ADFB1AF95E4D}
	EndGlobalSection
EndGlobal
