
Microsoft Visual Studio Solution File, Format Version 12.00
# Visual Studio Version 17
VisualStudioVersion = 17.14.36429.23 d17.14
MinimumVisualStudioVersion = 10.0.40219.1
Project("{FAE04EC0-301F-11D3-BF4B-00C04F79EFBC}") = "di.tema3.ejercicio4", "di.tema3.ejercicio4\di.tema3.ejercicio4.csproj", "{D9D9DF2A-05C4-4401-85A3-F1AF6917DACE}"
EndProject
Global
	GlobalSection(SolutionConfigurationPlatforms) = preSolution
		Debug|Any CPU = Debug|Any CPU
		Release|Any CPU = Release|Any CPU
	EndGlobalSection
	GlobalSection(ProjectConfigurationPlatforms) = postSolution
		{D9D9DF2A-05C4-4401-85A3-F1AF6917DACE}.Debug|Any CPU.ActiveCfg = Debug|Any CPU
		{D9D9DF2A-05C4-4401-85A3-F1AF6917DACE}.Debug|Any CPU.Build.0 = Debug|Any CPU
		{D9D9DF2A-05C4-4401-85A3-F1AF6917DACE}.Release|Any CPU.ActiveCfg = Release|Any CPU
		{D9D9DF2A-05C4-4401-85A3-F1AF6917DACE}.Release|Any CPU.Build.0 = Release|Any CPU
	EndGlobalSection
	GlobalSection(SolutionProperties) = preSolution
		HideSolutionNode = FALSE
	EndGlobalSection
	GlobalSection(ExtensibilityGlobals) = postSolution
		SolutionGuid = {8E23FEDD-8388-434B-9A88-47302F8FCB2C}
	EndGlobalSection
EndGlobal
