
Microsoft Visual Studio Solution File, Format Version 12.00
# Visual Studio Version 17
VisualStudioVersion = 17.14.36429.23 d17.14
MinimumVisualStudioVersion = 10.0.40219.1
Project("{FAE04EC0-301F-11D3-BF4B-00C04F79EFBC}") = "di.tema3.ejercicio2", "di.tema3.ejercicio2\di.tema3.ejercicio2.csproj", "{A10620CF-D847-4037-8F17-BB40F16EF154}"
EndProject
Global
	GlobalSection(SolutionConfigurationPlatforms) = preSolution
		Debug|Any CPU = Debug|Any CPU
		Release|Any CPU = Release|Any CPU
	EndGlobalSection
	GlobalSection(ProjectConfigurationPlatforms) = postSolution
		{A10620CF-D847-4037-8F17-BB40F16EF154}.Debug|Any CPU.ActiveCfg = Debug|Any CPU
		{A10620CF-D847-4037-8F17-BB40F16EF154}.Debug|Any CPU.Build.0 = Debug|Any CPU
		{A10620CF-D847-4037-8F17-BB40F16EF154}.Release|Any CPU.ActiveCfg = Release|Any CPU
		{A10620CF-D847-4037-8F17-BB40F16EF154}.Release|Any CPU.Build.0 = Release|Any CPU
	EndGlobalSection
	GlobalSection(SolutionProperties) = preSolution
		HideSolutionNode = FALSE
	EndGlobalSection
	GlobalSection(ExtensibilityGlobals) = postSolution
		SolutionGuid = {F8F58564-3142-464F-B79E-5779FA6E8F12}
	EndGlobalSection
EndGlobal
