
Microsoft Visual Studio Solution File, Format Version 12.00
# Visual Studio Version 17
VisualStudioVersion = 17.14.36429.23 d17.14
MinimumVisualStudioVersion = 10.0.40219.1
Project("{FAE04EC0-301F-11D3-BF4B-00C04F79EFBC}") = "di.tema2.ejercicio5", "di.tema2.ejercicio5\di.tema2.ejercicio5.csproj", "{3894E267-7C2A-43EF-BAEF-95DF032378CB}"
EndProject
Global
	GlobalSection(SolutionConfigurationPlatforms) = preSolution
		Debug|Any CPU = Debug|Any CPU
		Release|Any CPU = Release|Any CPU
	EndGlobalSection
	GlobalSection(ProjectConfigurationPlatforms) = postSolution
		{3894E267-7C2A-43EF-BAEF-95DF032378CB}.Debug|Any CPU.ActiveCfg = Debug|Any CPU
		{3894E267-7C2A-43EF-BAEF-95DF032378CB}.Debug|Any CPU.Build.0 = Debug|Any CPU
		{3894E267-7C2A-43EF-BAEF-95DF032378CB}.Release|Any CPU.ActiveCfg = Release|Any CPU
		{3894E267-7C2A-43EF-BAEF-95DF032378CB}.Release|Any CPU.Build.0 = Release|Any CPU
	EndGlobalSection
	GlobalSection(SolutionProperties) = preSolution
		HideSolutionNode = FALSE
	EndGlobalSection
	GlobalSection(ExtensibilityGlobals) = postSolution
		SolutionGuid = {8491AE80-3059-40F1-8A9F-20078DA27D98}
	EndGlobalSection
EndGlobal
