
Microsoft Visual Studio Solution File, Format Version 12.00
# Visual Studio Version 17
VisualStudioVersion = 17.14.36429.23 d17.14
MinimumVisualStudioVersion = 10.0.40219.1
Project("{FAE04EC0-301F-11D3-BF4B-00C04F79EFBC}") = "di.tema2.ejercicio3", "di.tema2.ejercicio3\di.tema2.ejercicio3.csproj", "{FC8E929D-B9DA-4726-B876-1B7A06650115}"
EndProject
Global
	GlobalSection(SolutionConfigurationPlatforms) = preSolution
		Debug|Any CPU = Debug|Any CPU
		Release|Any CPU = Release|Any CPU
	EndGlobalSection
	GlobalSection(ProjectConfigurationPlatforms) = postSolution
		{FC8E929D-B9DA-4726-B876-1B7A06650115}.Debug|Any CPU.ActiveCfg = Debug|Any CPU
		{FC8E929D-B9DA-4726-B876-1B7A06650115}.Debug|Any CPU.Build.0 = Debug|Any CPU
		{FC8E929D-B9DA-4726-B876-1B7A06650115}.Release|Any CPU.ActiveCfg = Release|Any CPU
		{FC8E929D-B9DA-4726-B876-1B7A06650115}.Release|Any CPU.Build.0 = Release|Any CPU
	EndGlobalSection
	GlobalSection(SolutionProperties) = preSolution
		HideSolutionNode = FALSE
	EndGlobalSection
	GlobalSection(ExtensibilityGlobals) = postSolution
		SolutionGuid = {E6972C01-156D-45C2-85D7-3F4AE9C706A1}
	EndGlobalSection
EndGlobal
